
Microsoft Visual Studio Solution File, Format Version 12.00
# Visual Studio Version 16
VisualStudioVersion = 16.0.30907.101
MinimumVisualStudioVersion = 10.0.40219.1
Project("{FAE04EC0-301F-11D3-BF4B-00C04F79EFBC}") = "AccountsMan2", "AccountsMan2\AccountsMan2.csproj", "{C32C60E5-545E-43CD-AA9A-20F510C3604D}"
EndProject
Global
	GlobalSection(SolutionConfigurationPlatforms) = preSolution
		Debug|Any CPU = Debug|Any CPU
		Release|Any CPU = Release|Any CPU
	EndGlobalSection
	GlobalSection(ProjectConfigurationPlatforms) = postSolution
		{C32C60E5-545E-43CD-AA9A-20F510C3604D}.Debug|Any CPU.ActiveCfg = Debug|Any CPU
		{C32C60E5-545E-43CD-AA9A-20F510C3604D}.Debug|Any CPU.Build.0 = Debug|Any CPU
		{C32C60E5-545E-43CD-AA9A-20F510C3604D}.Release|Any CPU.ActiveCfg = Release|Any CPU
		{C32C60E5-545E-43CD-AA9A-20F510C3604D}.Release|Any CPU.Build.0 = Release|Any CPU
	EndGlobalSection
	GlobalSection(SolutionProperties) = preSolution
		HideSolutionNode = FALSE
	EndGlobalSection
	GlobalSection(ExtensibilityGlobals) = postSolution
		SolutionGuid = {6AA666BC-4942-47F8-8B66-EF6D280CBF43}
	EndGlobalSection
EndGlobal
