
Microsoft Visual Studio Solution File, Format Version 12.00
# Visual Studio Version 16
VisualStudioVersion = 16.0.30907.101
MinimumVisualStudioVersion = 10.0.40219.1
Project("{FAE04EC0-301F-11D3-BF4B-00C04F79EFBC}") = "WebApplication9", "WebApplication9\WebApplication9.csproj", "{9F556C36-65E5-4AEC-AB73-21A8D7BB8BE0}"
EndProject
Project("{FAE04EC0-301F-11D3-BF4B-00C04F79EFBC}") = "Demo.Domain", "Demo.Domain\Demo.Domain.csproj", "{F18652C5-E3A7-4BEC-92D9-85C1E4AF77B4}"
EndProject
Project("{FAE04EC0-301F-11D3-BF4B-00C04F79EFBC}") = "Demo.Data", "Demo.Data\Demo.Data.csproj", "{F353FC26-A11B-446F-B8FB-46AF67AD42D0}"
EndProject
Global
	GlobalSection(SolutionConfigurationPlatforms) = preSolution
		Debug|Any CPU = Debug|Any CPU
		Release|Any CPU = Release|Any CPU
	EndGlobalSection
	GlobalSection(ProjectConfigurationPlatforms) = postSolution
		{9F556C36-65E5-4AEC-AB73-21A8D7BB8BE0}.Debug|Any CPU.ActiveCfg = Debug|Any CPU
		{9F556C36-65E5-4AEC-AB73-21A8D7BB8BE0}.Debug|Any CPU.Build.0 = Debug|Any CPU
		{9F556C36-65E5-4AEC-AB73-21A8D7BB8BE0}.Release|Any CPU.ActiveCfg = Release|Any CPU
		{9F556C36-65E5-4AEC-AB73-21A8D7BB8BE0}.Release|Any CPU.Build.0 = Release|Any CPU
		{F18652C5-E3A7-4BEC-92D9-85C1E4AF77B4}.Debug|Any CPU.ActiveCfg = Debug|Any CPU
		{F18652C5-E3A7-4BEC-92D9-85C1E4AF77B4}.Debug|Any CPU.Build.0 = Debug|Any CPU
		{F18652C5-E3A7-4BEC-92D9-85C1E4AF77B4}.Release|Any CPU.ActiveCfg = Release|Any CPU
		{F18652C5-E3A7-4BEC-92D9-85C1E4AF77B4}.Release|Any CPU.Build.0 = Release|Any CPU
		{F353FC26-A11B-446F-B8FB-46AF67AD42D0}.Debug|Any CPU.ActiveCfg = Debug|Any CPU
		{F353FC26-A11B-446F-B8FB-46AF67AD42D0}.Debug|Any CPU.Build.0 = Debug|Any CPU
		{F353FC26-A11B-446F-B8FB-46AF67AD42D0}.Release|Any CPU.ActiveCfg = Release|Any CPU
		{F353FC26-A11B-446F-B8FB-46AF67AD42D0}.Release|Any CPU.Build.0 = Release|Any CPU
	EndGlobalSection
	GlobalSection(SolutionProperties) = preSolution
		HideSolutionNode = FALSE
	EndGlobalSection
	GlobalSection(ExtensibilityGlobals) = postSolution
		SolutionGuid = {4856CE35-D77C-4EA2-A058-BE06FC3FD0C3}
	EndGlobalSection
EndGlobal
